
Microsoft Visual Studio Solution File, Format Version 12.00
# Visual Studio 15
VisualStudioVersion = 15.0.26124.0
MinimumVisualStudioVersion = 15.0.26124.0
Project("{2150E333-8FDC-42A3-9474-1A3956D46DE8}") = "CustomerApi", "CustomerApi", "{5EBF41DA-9F09-4BA8-917F-1D5E14CF0763}"
EndProject
Project("{FAE04EC0-301F-11D3-BF4B-00C04F79EFBC}") = "CustomerApi", "CustomerApi\CustomerApi\CustomerApi.csproj", "{34ED2EFC-C8F1-42C7-BA5B-B7F3D3263D71}"
EndProject
Project("{2150E333-8FDC-42A3-9474-1A3956D46DE8}") = "OrderApi", "OrderApi", "{0CAE4661-AC25-46D3-8F42-7EDCAA6194A0}"
EndProject
Project("{FAE04EC0-301F-11D3-BF4B-00C04F79EFBC}") = "OrderApi", "OrderApi\OrderApi\OrderApi.csproj", "{DCABD431-7FE4-459E-A530-6E98D66401B0}"
EndProject
Project("{FAE04EC0-301F-11D3-BF4B-00C04F79EFBC}") = "CustomerApi.Application", "CustomerApi\CustomerApi.Application\CustomerApi.Application.csproj", "{1A94B577-AA7E-4582-83DA-5E59661A5D03}"
EndProject
Project("{FAE04EC0-301F-11D3-BF4B-00C04F79EFBC}") = "CustomerApi.Domain", "CustomerApi\CustomerApi.Domain\CustomerApi.Domain.csproj", "{70CC0410-08F8-4B5F-80F7-F87E43304500}"
EndProject
Project("{FAE04EC0-301F-11D3-BF4B-00C04F79EFBC}") = "CustomerApi.Infrastructure", "CustomerApi\CustomerApi.Infrastructure\CustomerApi.Infrastructure.csproj", "{E9653669-C93F-4163-963F-F44C4ACAC8FC}"
EndProject
Project("{FAE04EC0-301F-11D3-BF4B-00C04F79EFBC}") = "OrderApi.Application", "OrderApi\OrderApi.Application\OrderApi.Application.csproj", "{50C9E42C-D9B2-4690-8A2D-2AA54002125B}"
EndProject
Project("{FAE04EC0-301F-11D3-BF4B-00C04F79EFBC}") = "OrderApi.Domain", "OrderApi\OrderApi.Domain\OrderApi.Domain.csproj", "{7C9AE69C-9EE5-4083-AB3E-51881BD422F5}"
EndProject
Project("{FAE04EC0-301F-11D3-BF4B-00C04F79EFBC}") = "OrderApi.Infrastructure", "OrderApi\OrderApi.Infrastructure\OrderApi.Infrastructure.csproj", "{7F03F30E-926E-423F-A798-F1D60AD5BCEC}"
EndProject
Project("{2150E333-8FDC-42A3-9474-1A3956D46DE8}") = "AuthApi", "AuthApi", "{A681284E-F437-4452-8C27-3425FD136FAE}"
EndProject
Project("{FAE04EC0-301F-11D3-BF4B-00C04F79EFBC}") = "AuthApi", "AuthApi\AuthApi\AuthApi.csproj", "{26EE5DCD-BD05-406C-A44E-77EF2110661A}"
EndProject
Project("{FAE04EC0-301F-11D3-BF4B-00C04F79EFBC}") = "AuthApi.Application", "AuthApi\AuthApi.Application\AuthApi.Application.csproj", "{58374DB2-E995-4D7B-A143-EF674C23BD5F}"
EndProject
Project("{FAE04EC0-301F-11D3-BF4B-00C04F79EFBC}") = "AuthApi.Domain", "AuthApi\AuthApi.Domain\AuthApi.Domain.csproj", "{CC0C87C6-1BC9-41B7-83F4-E87BF1E67867}"
EndProject
Project("{FAE04EC0-301F-11D3-BF4B-00C04F79EFBC}") = "AuthApi.Infrastructure", "AuthApi\AuthApi.Infrastructure\AuthApi.Infrastructure.csproj", "{0663AFD0-2293-4CF7-9E4A-F40D4FF08309}"
EndProject
Project("{2150E333-8FDC-42A3-9474-1A3956D46DE8}") = "Tests", "Tests", "{EBED1EDF-A4A3-4C3D-A69C-3847A3842FA9}"
EndProject
Project("{FAE04EC0-301F-11D3-BF4B-00C04F79EFBC}") = "AuthApi.IntegrationTest", "AuthApi\Tests\AuthApi.IntegrationTest\AuthApi.IntegrationTest.csproj", "{970F42EB-CAE7-4A3A-B6A5-5B13135E49BA}"
EndProject
Project("{FAE04EC0-301F-11D3-BF4B-00C04F79EFBC}") = "AuthApi.UnitTest", "AuthApi\Tests\AuthApi.UnitTest\AuthApi.UnitTest.csproj", "{2D6E37BF-022C-4E05-AA63-0CB9195BE8B4}"
EndProject
Project("{2150E333-8FDC-42A3-9474-1A3956D46DE8}") = "Shared", "Shared", "{E87927F5-5080-4D54-B5A5-1B5EDEC569C3}"
EndProject
Project("{FAE04EC0-301F-11D3-BF4B-00C04F79EFBC}") = "SharedApi", "Shared\SharedApi\SharedApi.csproj", "{DDC89B7E-6FF4-4CAD-9131-B8183867945E}"
EndProject
Project("{2150E333-8FDC-42A3-9474-1A3956D46DE8}") = "Tests", "Tests", "{BE5B6627-4007-498D-9878-6D82D13B3194}"
EndProject
Project("{FAE04EC0-301F-11D3-BF4B-00C04F79EFBC}") = "SharedApi.IntegrationTest", "Shared\Tests\SharedApi.IntegrationTest\SharedApi.IntegrationTest.csproj", "{93CBDC55-E9FB-469D-84D0-499D27E1A8C0}"
EndProject
Project("{2150E333-8FDC-42A3-9474-1A3956D46DE8}") = "Tests", "Tests", "{7E6FF335-89E5-481D-9986-E7010C917082}"
EndProject
Project("{FAE04EC0-301F-11D3-BF4B-00C04F79EFBC}") = "CustomerApi.IntegrationTest", "CustomerApi\Tests\CustomerApi.IntegrationTest\CustomerApi.IntegrationTest.csproj", "{2103DF51-043C-4041-A116-567EC1E3232C}"
EndProject
Project("{FAE04EC0-301F-11D3-BF4B-00C04F79EFBC}") = "CustomerApi.UnitTest", "CustomerApi\Tests\CustomerApi.UnitTest\CustomerApi.UnitTest.csproj", "{F0A4613D-CFB5-4BE2-AE38-C287FBC36B1D}"
EndProject
Project("{2150E333-8FDC-42A3-9474-1A3956D46DE8}") = "Tests", "Tests", "{E0EFF62F-F6CF-4B2F-B3B8-B92A3910032E}"
EndProject
Project("{FAE04EC0-301F-11D3-BF4B-00C04F79EFBC}") = "OrderApi.IntegrationTest", "OrderApi\Tests\OrderApi.IntegrationTest\OrderApi.IntegrationTest.csproj", "{B170D666-0652-49B1-855B-8D587989A4D2}"
EndProject
Project("{FAE04EC0-301F-11D3-BF4B-00C04F79EFBC}") = "OrderApi.UnitTest", "OrderApi\Tests\OrderApi.UnitTest\OrderApi.UnitTest.csproj", "{C1421D3C-51D1-4FAF-B856-1890F0B86A69}"
EndProject
Global
	GlobalSection(SolutionConfigurationPlatforms) = preSolution
		Debug|Any CPU = Debug|Any CPU
		Debug|x64 = Debug|x64
		Debug|x86 = Debug|x86
		Release|Any CPU = Release|Any CPU
		Release|x64 = Release|x64
		Release|x86 = Release|x86
	EndGlobalSection
	GlobalSection(SolutionProperties) = preSolution
		HideSolutionNode = FALSE
	EndGlobalSection
	GlobalSection(ProjectConfigurationPlatforms) = postSolution
		{34ED2EFC-C8F1-42C7-BA5B-B7F3D3263D71}.Debug|Any CPU.ActiveCfg = Debug|Any CPU
		{34ED2EFC-C8F1-42C7-BA5B-B7F3D3263D71}.Debug|Any CPU.Build.0 = Debug|Any CPU
		{34ED2EFC-C8F1-42C7-BA5B-B7F3D3263D71}.Debug|x64.ActiveCfg = Debug|Any CPU
		{34ED2EFC-C8F1-42C7-BA5B-B7F3D3263D71}.Debug|x64.Build.0 = Debug|Any CPU
		{34ED2EFC-C8F1-42C7-BA5B-B7F3D3263D71}.Debug|x86.ActiveCfg = Debug|Any CPU
		{34ED2EFC-C8F1-42C7-BA5B-B7F3D3263D71}.Debug|x86.Build.0 = Debug|Any CPU
		{34ED2EFC-C8F1-42C7-BA5B-B7F3D3263D71}.Release|Any CPU.ActiveCfg = Release|Any CPU
		{34ED2EFC-C8F1-42C7-BA5B-B7F3D3263D71}.Release|Any CPU.Build.0 = Release|Any CPU
		{34ED2EFC-C8F1-42C7-BA5B-B7F3D3263D71}.Release|x64.ActiveCfg = Release|Any CPU
		{34ED2EFC-C8F1-42C7-BA5B-B7F3D3263D71}.Release|x64.Build.0 = Release|Any CPU
		{34ED2EFC-C8F1-42C7-BA5B-B7F3D3263D71}.Release|x86.ActiveCfg = Release|Any CPU
		{34ED2EFC-C8F1-42C7-BA5B-B7F3D3263D71}.Release|x86.Build.0 = Release|Any CPU
		{DCABD431-7FE4-459E-A530-6E98D66401B0}.Debug|Any CPU.ActiveCfg = Debug|Any CPU
		{DCABD431-7FE4-459E-A530-6E98D66401B0}.Debug|Any CPU.Build.0 = Debug|Any CPU
		{DCABD431-7FE4-459E-A530-6E98D66401B0}.Debug|x64.ActiveCfg = Debug|Any CPU
		{DCABD431-7FE4-459E-A530-6E98D66401B0}.Debug|x64.Build.0 = Debug|Any CPU
		{DCABD431-7FE4-459E-A530-6E98D66401B0}.Debug|x86.ActiveCfg = Debug|Any CPU
		{DCABD431-7FE4-459E-A530-6E98D66401B0}.Debug|x86.Build.0 = Debug|Any CPU
		{DCABD431-7FE4-459E-A530-6E98D66401B0}.Release|Any CPU.ActiveCfg = Release|Any CPU
		{DCABD431-7FE4-459E-A530-6E98D66401B0}.Release|Any CPU.Build.0 = Release|Any CPU
		{DCABD431-7FE4-459E-A530-6E98D66401B0}.Release|x64.ActiveCfg = Release|Any CPU
		{DCABD431-7FE4-459E-A530-6E98D66401B0}.Release|x64.Build.0 = Release|Any CPU
		{DCABD431-7FE4-459E-A530-6E98D66401B0}.Release|x86.ActiveCfg = Release|Any CPU
		{DCABD431-7FE4-459E-A530-6E98D66401B0}.Release|x86.Build.0 = Release|Any CPU
		{1A94B577-AA7E-4582-83DA-5E59661A5D03}.Debug|Any CPU.ActiveCfg = Debug|Any CPU
		{1A94B577-AA7E-4582-83DA-5E59661A5D03}.Debug|Any CPU.Build.0 = Debug|Any CPU
		{1A94B577-AA7E-4582-83DA-5E59661A5D03}.Debug|x64.ActiveCfg = Debug|Any CPU
		{1A94B577-AA7E-4582-83DA-5E59661A5D03}.Debug|x64.Build.0 = Debug|Any CPU
		{1A94B577-AA7E-4582-83DA-5E59661A5D03}.Debug|x86.ActiveCfg = Debug|Any CPU
		{1A94B577-AA7E-4582-83DA-5E59661A5D03}.Debug|x86.Build.0 = Debug|Any CPU
		{1A94B577-AA7E-4582-83DA-5E59661A5D03}.Release|Any CPU.ActiveCfg = Release|Any CPU
		{1A94B577-AA7E-4582-83DA-5E59661A5D03}.Release|Any CPU.Build.0 = Release|Any CPU
		{1A94B577-AA7E-4582-83DA-5E59661A5D03}.Release|x64.ActiveCfg = Release|Any CPU
		{1A94B577-AA7E-4582-83DA-5E59661A5D03}.Release|x64.Build.0 = Release|Any CPU
		{1A94B577-AA7E-4582-83DA-5E59661A5D03}.Release|x86.ActiveCfg = Release|Any CPU
		{1A94B577-AA7E-4582-83DA-5E59661A5D03}.Release|x86.Build.0 = Release|Any CPU
		{70CC0410-08F8-4B5F-80F7-F87E43304500}.Debug|Any CPU.ActiveCfg = Debug|Any CPU
		{70CC0410-08F8-4B5F-80F7-F87E43304500}.Debug|Any CPU.Build.0 = Debug|Any CPU
		{70CC0410-08F8-4B5F-80F7-F87E43304500}.Debug|x64.ActiveCfg = Debug|Any CPU
		{70CC0410-08F8-4B5F-80F7-F87E43304500}.Debug|x64.Build.0 = Debug|Any CPU
		{70CC0410-08F8-4B5F-80F7-F87E43304500}.Debug|x86.ActiveCfg = Debug|Any CPU
		{70CC0410-08F8-4B5F-80F7-F87E43304500}.Debug|x86.Build.0 = Debug|Any CPU
		{70CC0410-08F8-4B5F-80F7-F87E43304500}.Release|Any CPU.ActiveCfg = Release|Any CPU
		{70CC0410-08F8-4B5F-80F7-F87E43304500}.Release|Any CPU.Build.0 = Release|Any CPU
		{70CC0410-08F8-4B5F-80F7-F87E43304500}.Release|x64.ActiveCfg = Release|Any CPU
		{70CC0410-08F8-4B5F-80F7-F87E43304500}.Release|x64.Build.0 = Release|Any CPU
		{70CC0410-08F8-4B5F-80F7-F87E43304500}.Release|x86.ActiveCfg = Release|Any CPU
		{70CC0410-08F8-4B5F-80F7-F87E43304500}.Release|x86.Build.0 = Release|Any CPU
		{E9653669-C93F-4163-963F-F44C4ACAC8FC}.Debug|Any CPU.ActiveCfg = Debug|Any CPU
		{E9653669-C93F-4163-963F-F44C4ACAC8FC}.Debug|Any CPU.Build.0 = Debug|Any CPU
		{E9653669-C93F-4163-963F-F44C4ACAC8FC}.Debug|x64.ActiveCfg = Debug|Any CPU
		{E9653669-C93F-4163-963F-F44C4ACAC8FC}.Debug|x64.Build.0 = Debug|Any CPU
		{E9653669-C93F-4163-963F-F44C4ACAC8FC}.Debug|x86.ActiveCfg = Debug|Any CPU
		{E9653669-C93F-4163-963F-F44C4ACAC8FC}.Debug|x86.Build.0 = Debug|Any CPU
		{E9653669-C93F-4163-963F-F44C4ACAC8FC}.Release|Any CPU.ActiveCfg = Release|Any CPU
		{E9653669-C93F-4163-963F-F44C4ACAC8FC}.Release|Any CPU.Build.0 = Release|Any CPU
		{E9653669-C93F-4163-963F-F44C4ACAC8FC}.Release|x64.ActiveCfg = Release|Any CPU
		{E9653669-C93F-4163-963F-F44C4ACAC8FC}.Release|x64.Build.0 = Release|Any CPU
		{E9653669-C93F-4163-963F-F44C4ACAC8FC}.Release|x86.ActiveCfg = Release|Any CPU
		{E9653669-C93F-4163-963F-F44C4ACAC8FC}.Release|x86.Build.0 = Release|Any CPU
		{50C9E42C-D9B2-4690-8A2D-2AA54002125B}.Debug|Any CPU.ActiveCfg = Debug|Any CPU
		{50C9E42C-D9B2-4690-8A2D-2AA54002125B}.Debug|Any CPU.Build.0 = Debug|Any CPU
		{50C9E42C-D9B2-4690-8A2D-2AA54002125B}.Debug|x64.ActiveCfg = Debug|Any CPU
		{50C9E42C-D9B2-4690-8A2D-2AA54002125B}.Debug|x64.Build.0 = Debug|Any CPU
		{50C9E42C-D9B2-4690-8A2D-2AA54002125B}.Debug|x86.ActiveCfg = Debug|Any CPU
		{50C9E42C-D9B2-4690-8A2D-2AA54002125B}.Debug|x86.Build.0 = Debug|Any CPU
		{50C9E42C-D9B2-4690-8A2D-2AA54002125B}.Release|Any CPU.ActiveCfg = Release|Any CPU
		{50C9E42C-D9B2-4690-8A2D-2AA54002125B}.Release|Any CPU.Build.0 = Release|Any CPU
		{50C9E42C-D9B2-4690-8A2D-2AA54002125B}.Release|x64.ActiveCfg = Release|Any CPU
		{50C9E42C-D9B2-4690-8A2D-2AA54002125B}.Release|x64.Build.0 = Release|Any CPU
		{50C9E42C-D9B2-4690-8A2D-2AA54002125B}.Release|x86.ActiveCfg = Release|Any CPU
		{50C9E42C-D9B2-4690-8A2D-2AA54002125B}.Release|x86.Build.0 = Release|Any CPU
		{7C9AE69C-9EE5-4083-AB3E-51881BD422F5}.Debug|Any CPU.ActiveCfg = Debug|Any CPU
		{7C9AE69C-9EE5-4083-AB3E-51881BD422F5}.Debug|Any CPU.Build.0 = Debug|Any CPU
		{7C9AE69C-9EE5-4083-AB3E-51881BD422F5}.Debug|x64.ActiveCfg = Debug|Any CPU
		{7C9AE69C-9EE5-4083-AB3E-51881BD422F5}.Debug|x64.Build.0 = Debug|Any CPU
		{7C9AE69C-9EE5-4083-AB3E-51881BD422F5}.Debug|x86.ActiveCfg = Debug|Any CPU
		{7C9AE69C-9EE5-4083-AB3E-51881BD422F5}.Debug|x86.Build.0 = Debug|Any CPU
		{7C9AE69C-9EE5-4083-AB3E-51881BD422F5}.Release|Any CPU.ActiveCfg = Release|Any CPU
		{7C9AE69C-9EE5-4083-AB3E-51881BD422F5}.Release|Any CPU.Build.0 = Release|Any CPU
		{7C9AE69C-9EE5-4083-AB3E-51881BD422F5}.Release|x64.ActiveCfg = Release|Any CPU
		{7C9AE69C-9EE5-4083-AB3E-51881BD422F5}.Release|x64.Build.0 = Release|Any CPU
		{7C9AE69C-9EE5-4083-AB3E-51881BD422F5}.Release|x86.ActiveCfg = Release|Any CPU
		{7C9AE69C-9EE5-4083-AB3E-51881BD422F5}.Release|x86.Build.0 = Release|Any CPU
		{7F03F30E-926E-423F-A798-F1D60AD5BCEC}.Debug|Any CPU.ActiveCfg = Debug|Any CPU
		{7F03F30E-926E-423F-A798-F1D60AD5BCEC}.Debug|Any CPU.Build.0 = Debug|Any CPU
		{7F03F30E-926E-423F-A798-F1D60AD5BCEC}.Debug|x64.ActiveCfg = Debug|Any CPU
		{7F03F30E-926E-423F-A798-F1D60AD5BCEC}.Debug|x64.Build.0 = Debug|Any CPU
		{7F03F30E-926E-423F-A798-F1D60AD5BCEC}.Debug|x86.ActiveCfg = Debug|Any CPU
		{7F03F30E-926E-423F-A798-F1D60AD5BCEC}.Debug|x86.Build.0 = Debug|Any CPU
		{7F03F30E-926E-423F-A798-F1D60AD5BCEC}.Release|Any CPU.ActiveCfg = Release|Any CPU
		{7F03F30E-926E-423F-A798-F1D60AD5BCEC}.Release|Any CPU.Build.0 = Release|Any CPU
		{7F03F30E-926E-423F-A798-F1D60AD5BCEC}.Release|x64.ActiveCfg = Release|Any CPU
		{7F03F30E-926E-423F-A798-F1D60AD5BCEC}.Release|x64.Build.0 = Release|Any CPU
		{7F03F30E-926E-423F-A798-F1D60AD5BCEC}.Release|x86.ActiveCfg = Release|Any CPU
		{7F03F30E-926E-423F-A798-F1D60AD5BCEC}.Release|x86.Build.0 = Release|Any CPU
		{26EE5DCD-BD05-406C-A44E-77EF2110661A}.Debug|Any CPU.ActiveCfg = Debug|Any CPU
		{26EE5DCD-BD05-406C-A44E-77EF2110661A}.Debug|Any CPU.Build.0 = Debug|Any CPU
		{26EE5DCD-BD05-406C-A44E-77EF2110661A}.Debug|x64.ActiveCfg = Debug|Any CPU
		{26EE5DCD-BD05-406C-A44E-77EF2110661A}.Debug|x64.Build.0 = Debug|Any CPU
		{26EE5DCD-BD05-406C-A44E-77EF2110661A}.Debug|x86.ActiveCfg = Debug|Any CPU
		{26EE5DCD-BD05-406C-A44E-77EF2110661A}.Debug|x86.Build.0 = Debug|Any CPU
		{26EE5DCD-BD05-406C-A44E-77EF2110661A}.Release|Any CPU.ActiveCfg = Release|Any CPU
		{26EE5DCD-BD05-406C-A44E-77EF2110661A}.Release|Any CPU.Build.0 = Release|Any CPU
		{26EE5DCD-BD05-406C-A44E-77EF2110661A}.Release|x64.ActiveCfg = Release|Any CPU
		{26EE5DCD-BD05-406C-A44E-77EF2110661A}.Release|x64.Build.0 = Release|Any CPU
		{26EE5DCD-BD05-406C-A44E-77EF2110661A}.Release|x86.ActiveCfg = Release|Any CPU
		{26EE5DCD-BD05-406C-A44E-77EF2110661A}.Release|x86.Build.0 = Release|Any CPU
		{58374DB2-E995-4D7B-A143-EF674C23BD5F}.Debug|Any CPU.ActiveCfg = Debug|Any CPU
		{58374DB2-E995-4D7B-A143-EF674C23BD5F}.Debug|Any CPU.Build.0 = Debug|Any CPU
		{58374DB2-E995-4D7B-A143-EF674C23BD5F}.Debug|x64.ActiveCfg = Debug|Any CPU
		{58374DB2-E995-4D7B-A143-EF674C23BD5F}.Debug|x64.Build.0 = Debug|Any CPU
		{58374DB2-E995-4D7B-A143-EF674C23BD5F}.Debug|x86.ActiveCfg = Debug|Any CPU
		{58374DB2-E995-4D7B-A143-EF674C23BD5F}.Debug|x86.Build.0 = Debug|Any CPU
		{58374DB2-E995-4D7B-A143-EF674C23BD5F}.Release|Any CPU.ActiveCfg = Release|Any CPU
		{58374DB2-E995-4D7B-A143-EF674C23BD5F}.Release|Any CPU.Build.0 = Release|Any CPU
		{58374DB2-E995-4D7B-A143-EF674C23BD5F}.Release|x64.ActiveCfg = Release|Any CPU
		{58374DB2-E995-4D7B-A143-EF674C23BD5F}.Release|x64.Build.0 = Release|Any CPU
		{58374DB2-E995-4D7B-A143-EF674C23BD5F}.Release|x86.ActiveCfg = Release|Any CPU
		{58374DB2-E995-4D7B-A143-EF674C23BD5F}.Release|x86.Build.0 = Release|Any CPU
		{CC0C87C6-1BC9-41B7-83F4-E87BF1E67867}.Debug|Any CPU.ActiveCfg = Debug|Any CPU
		{CC0C87C6-1BC9-41B7-83F4-E87BF1E67867}.Debug|Any CPU.Build.0 = Debug|Any CPU
		{CC0C87C6-1BC9-41B7-83F4-E87BF1E67867}.Debug|x64.ActiveCfg = Debug|Any CPU
		{CC0C87C6-1BC9-41B7-83F4-E87BF1E67867}.Debug|x64.Build.0 = Debug|Any CPU
		{CC0C87C6-1BC9-41B7-83F4-E87BF1E67867}.Debug|x86.ActiveCfg = Debug|Any CPU
		{CC0C87C6-1BC9-41B7-83F4-E87BF1E67867}.Debug|x86.Build.0 = Debug|Any CPU
		{CC0C87C6-1BC9-41B7-83F4-E87BF1E67867}.Release|Any CPU.ActiveCfg = Release|Any CPU
		{CC0C87C6-1BC9-41B7-83F4-E87BF1E67867}.Release|Any CPU.Build.0 = Release|Any CPU
		{CC0C87C6-1BC9-41B7-83F4-E87BF1E67867}.Release|x64.ActiveCfg = Release|Any CPU
		{CC0C87C6-1BC9-41B7-83F4-E87BF1E67867}.Release|x64.Build.0 = Release|Any CPU
		{CC0C87C6-1BC9-41B7-83F4-E87BF1E67867}.Release|x86.ActiveCfg = Release|Any CPU
		{CC0C87C6-1BC9-41B7-83F4-E87BF1E67867}.Release|x86.Build.0 = Release|Any CPU
		{0663AFD0-2293-4CF7-9E4A-F40D4FF08309}.Debug|Any CPU.ActiveCfg = Debug|Any CPU
		{0663AFD0-2293-4CF7-9E4A-F40D4FF08309}.Debug|Any CPU.Build.0 = Debug|Any CPU
		{0663AFD0-2293-4CF7-9E4A-F40D4FF08309}.Debug|x64.ActiveCfg = Debug|Any CPU
		{0663AFD0-2293-4CF7-9E4A-F40D4FF08309}.Debug|x64.Build.0 = Debug|Any CPU
		{0663AFD0-2293-4CF7-9E4A-F40D4FF08309}.Debug|x86.ActiveCfg = Debug|Any CPU
		{0663AFD0-2293-4CF7-9E4A-F40D4FF08309}.Debug|x86.Build.0 = Debug|Any CPU
		{0663AFD0-2293-4CF7-9E4A-F40D4FF08309}.Release|Any CPU.ActiveCfg = Release|Any CPU
		{0663AFD0-2293-4CF7-9E4A-F40D4FF08309}.Release|Any CPU.Build.0 = Release|Any CPU
		{0663AFD0-2293-4CF7-9E4A-F40D4FF08309}.Release|x64.ActiveCfg = Release|Any CPU
		{0663AFD0-2293-4CF7-9E4A-F40D4FF08309}.Release|x64.Build.0 = Release|Any CPU
		{0663AFD0-2293-4CF7-9E4A-F40D4FF08309}.Release|x86.ActiveCfg = Release|Any CPU
		{0663AFD0-2293-4CF7-9E4A-F40D4FF08309}.Release|x86.Build.0 = Release|Any CPU
		{970F42EB-CAE7-4A3A-B6A5-5B13135E49BA}.Debug|Any CPU.ActiveCfg = Debug|Any CPU
		{970F42EB-CAE7-4A3A-B6A5-5B13135E49BA}.Debug|Any CPU.Build.0 = Debug|Any CPU
		{970F42EB-CAE7-4A3A-B6A5-5B13135E49BA}.Debug|x64.ActiveCfg = Debug|Any CPU
		{970F42EB-CAE7-4A3A-B6A5-5B13135E49BA}.Debug|x64.Build.0 = Debug|Any CPU
		{970F42EB-CAE7-4A3A-B6A5-5B13135E49BA}.Debug|x86.ActiveCfg = Debug|Any CPU
		{970F42EB-CAE7-4A3A-B6A5-5B13135E49BA}.Debug|x86.Build.0 = Debug|Any CPU
		{970F42EB-CAE7-4A3A-B6A5-5B13135E49BA}.Release|Any CPU.ActiveCfg = Release|Any CPU
		{970F42EB-CAE7-4A3A-B6A5-5B13135E49BA}.Release|Any CPU.Build.0 = Release|Any CPU
		{970F42EB-CAE7-4A3A-B6A5-5B13135E49BA}.Release|x64.ActiveCfg = Release|Any CPU
		{970F42EB-CAE7-4A3A-B6A5-5B13135E49BA}.Release|x64.Build.0 = Release|Any CPU
		{970F42EB-CAE7-4A3A-B6A5-5B13135E49BA}.Release|x86.ActiveCfg = Release|Any CPU
		{970F42EB-CAE7-4A3A-B6A5-5B13135E49BA}.Release|x86.Build.0 = Release|Any CPU
		{2D6E37BF-022C-4E05-AA63-0CB9195BE8B4}.Debug|Any CPU.ActiveCfg = Debug|Any CPU
		{2D6E37BF-022C-4E05-AA63-0CB9195BE8B4}.Debug|Any CPU.Build.0 = Debug|Any CPU
		{2D6E37BF-022C-4E05-AA63-0CB9195BE8B4}.Debug|x64.ActiveCfg = Debug|Any CPU
		{2D6E37BF-022C-4E05-AA63-0CB9195BE8B4}.Debug|x64.Build.0 = Debug|Any CPU
		{2D6E37BF-022C-4E05-AA63-0CB9195BE8B4}.Debug|x86.ActiveCfg = Debug|Any CPU
		{2D6E37BF-022C-4E05-AA63-0CB9195BE8B4}.Debug|x86.Build.0 = Debug|Any CPU
		{2D6E37BF-022C-4E05-AA63-0CB9195BE8B4}.Release|Any CPU.ActiveCfg = Release|Any CPU
		{2D6E37BF-022C-4E05-AA63-0CB9195BE8B4}.Release|Any CPU.Build.0 = Release|Any CPU
		{2D6E37BF-022C-4E05-AA63-0CB9195BE8B4}.Release|x64.ActiveCfg = Release|Any CPU
		{2D6E37BF-022C-4E05-AA63-0CB9195BE8B4}.Release|x64.Build.0 = Release|Any CPU
		{2D6E37BF-022C-4E05-AA63-0CB9195BE8B4}.Release|x86.ActiveCfg = Release|Any CPU
		{2D6E37BF-022C-4E05-AA63-0CB9195BE8B4}.Release|x86.Build.0 = Release|Any CPU
		{DDC89B7E-6FF4-4CAD-9131-B8183867945E}.Debug|Any CPU.ActiveCfg = Debug|Any CPU
		{DDC89B7E-6FF4-4CAD-9131-B8183867945E}.Debug|Any CPU.Build.0 = Debug|Any CPU
		{DDC89B7E-6FF4-4CAD-9131-B8183867945E}.Debug|x64.ActiveCfg = Debug|Any CPU
		{DDC89B7E-6FF4-4CAD-9131-B8183867945E}.Debug|x64.Build.0 = Debug|Any CPU
		{DDC89B7E-6FF4-4CAD-9131-B8183867945E}.Debug|x86.ActiveCfg = Debug|Any CPU
		{DDC89B7E-6FF4-4CAD-9131-B8183867945E}.Debug|x86.Build.0 = Debug|Any CPU
		{DDC89B7E-6FF4-4CAD-9131-B8183867945E}.Release|Any CPU.ActiveCfg = Release|Any CPU
		{DDC89B7E-6FF4-4CAD-9131-B8183867945E}.Release|Any CPU.Build.0 = Release|Any CPU
		{DDC89B7E-6FF4-4CAD-9131-B8183867945E}.Release|x64.ActiveCfg = Release|Any CPU
		{DDC89B7E-6FF4-4CAD-9131-B8183867945E}.Release|x64.Build.0 = Release|Any CPU
		{DDC89B7E-6FF4-4CAD-9131-B8183867945E}.Release|x86.ActiveCfg = Release|Any CPU
		{DDC89B7E-6FF4-4CAD-9131-B8183867945E}.Release|x86.Build.0 = Release|Any CPU
		{93CBDC55-E9FB-469D-84D0-499D27E1A8C0}.Debug|Any CPU.ActiveCfg = Debug|Any CPU
		{93CBDC55-E9FB-469D-84D0-499D27E1A8C0}.Debug|Any CPU.Build.0 = Debug|Any CPU
		{93CBDC55-E9FB-469D-84D0-499D27E1A8C0}.Debug|x64.ActiveCfg = Debug|Any CPU
		{93CBDC55-E9FB-469D-84D0-499D27E1A8C0}.Debug|x64.Build.0 = Debug|Any CPU
		{93CBDC55-E9FB-469D-84D0-499D27E1A8C0}.Debug|x86.ActiveCfg = Debug|Any CPU
		{93CBDC55-E9FB-469D-84D0-499D27E1A8C0}.Debug|x86.Build.0 = Debug|Any CPU
		{93CBDC55-E9FB-469D-84D0-499D27E1A8C0}.Release|Any CPU.ActiveCfg = Release|Any CPU
		{93CBDC55-E9FB-469D-84D0-499D27E1A8C0}.Release|Any CPU.Build.0 = Release|Any CPU
		{93CBDC55-E9FB-469D-84D0-499D27E1A8C0}.Release|x64.ActiveCfg = Release|Any CPU
		{93CBDC55-E9FB-469D-84D0-499D27E1A8C0}.Release|x64.Build.0 = Release|Any CPU
		{93CBDC55-E9FB-469D-84D0-499D27E1A8C0}.Release|x86.ActiveCfg = Release|Any CPU
		{93CBDC55-E9FB-469D-84D0-499D27E1A8C0}.Release|x86.Build.0 = Release|Any CPU
		{2103DF51-043C-4041-A116-567EC1E3232C}.Debug|Any CPU.ActiveCfg = Debug|Any CPU
		{2103DF51-043C-4041-A116-567EC1E3232C}.Debug|Any CPU.Build.0 = Debug|Any CPU
		{2103DF51-043C-4041-A116-567EC1E3232C}.Debug|x64.ActiveCfg = Debug|Any CPU
		{2103DF51-043C-4041-A116-567EC1E3232C}.Debug|x64.Build.0 = Debug|Any CPU
		{2103DF51-043C-4041-A116-567EC1E3232C}.Debug|x86.ActiveCfg = Debug|Any CPU
		{2103DF51-043C-4041-A116-567EC1E3232C}.Debug|x86.Build.0 = Debug|Any CPU
		{2103DF51-043C-4041-A116-567EC1E3232C}.Release|Any CPU.ActiveCfg = Release|Any CPU
		{2103DF51-043C-4041-A116-567EC1E3232C}.Release|Any CPU.Build.0 = Release|Any CPU
		{2103DF51-043C-4041-A116-567EC1E3232C}.Release|x64.ActiveCfg = Release|Any CPU
		{2103DF51-043C-4041-A116-567EC1E3232C}.Release|x64.Build.0 = Release|Any CPU
		{2103DF51-043C-4041-A116-567EC1E3232C}.Release|x86.ActiveCfg = Release|Any CPU
		{2103DF51-043C-4041-A116-567EC1E3232C}.Release|x86.Build.0 = Release|Any CPU
		{F0A4613D-CFB5-4BE2-AE38-C287FBC36B1D}.Debug|Any CPU.ActiveCfg = Debug|Any CPU
		{F0A4613D-CFB5-4BE2-AE38-C287FBC36B1D}.Debug|Any CPU.Build.0 = Debug|Any CPU
		{F0A4613D-CFB5-4BE2-AE38-C287FBC36B1D}.Debug|x64.ActiveCfg = Debug|Any CPU
		{F0A4613D-CFB5-4BE2-AE38-C287FBC36B1D}.Debug|x64.Build.0 = Debug|Any CPU
		{F0A4613D-CFB5-4BE2-AE38-C287FBC36B1D}.Debug|x86.ActiveCfg = Debug|Any CPU
		{F0A4613D-CFB5-4BE2-AE38-C287FBC36B1D}.Debug|x86.Build.0 = Debug|Any CPU
		{F0A4613D-CFB5-4BE2-AE38-C287FBC36B1D}.Release|Any CPU.ActiveCfg = Release|Any CPU
		{F0A4613D-CFB5-4BE2-AE38-C287FBC36B1D}.Release|Any CPU.Build.0 = Release|Any CPU
		{F0A4613D-CFB5-4BE2-AE38-C287FBC36B1D}.Release|x64.ActiveCfg = Release|Any CPU
		{F0A4613D-CFB5-4BE2-AE38-C287FBC36B1D}.Release|x64.Build.0 = Release|Any CPU
		{F0A4613D-CFB5-4BE2-AE38-C287FBC36B1D}.Release|x86.ActiveCfg = Release|Any CPU
		{F0A4613D-CFB5-4BE2-AE38-C287FBC36B1D}.Release|x86.Build.0 = Release|Any CPU
		{B170D666-0652-49B1-855B-8D587989A4D2}.Debug|Any CPU.ActiveCfg = Debug|Any CPU
		{B170D666-0652-49B1-855B-8D587989A4D2}.Debug|Any CPU.Build.0 = Debug|Any CPU
		{B170D666-0652-49B1-855B-8D587989A4D2}.Debug|x64.ActiveCfg = Debug|Any CPU
		{B170D666-0652-49B1-855B-8D587989A4D2}.Debug|x64.Build.0 = Debug|Any CPU
		{B170D666-0652-49B1-855B-8D587989A4D2}.Debug|x86.ActiveCfg = Debug|Any CPU
		{B170D666-0652-49B1-855B-8D587989A4D2}.Debug|x86.Build.0 = Debug|Any CPU
		{B170D666-0652-49B1-855B-8D587989A4D2}.Release|Any CPU.ActiveCfg = Release|Any CPU
		{B170D666-0652-49B1-855B-8D587989A4D2}.Release|Any CPU.Build.0 = Release|Any CPU
		{B170D666-0652-49B1-855B-8D587989A4D2}.Release|x64.ActiveCfg = Release|Any CPU
		{B170D666-0652-49B1-855B-8D587989A4D2}.Release|x64.Build.0 = Release|Any CPU
		{B170D666-0652-49B1-855B-8D587989A4D2}.Release|x86.ActiveCfg = Release|Any CPU
		{B170D666-0652-49B1-855B-8D587989A4D2}.Release|x86.Build.0 = Release|Any CPU
		{C1421D3C-51D1-4FAF-B856-1890F0B86A69}.Debug|Any CPU.ActiveCfg = Debug|Any CPU
		{C1421D3C-51D1-4FAF-B856-1890F0B86A69}.Debug|Any CPU.Build.0 = Debug|Any CPU
		{C1421D3C-51D1-4FAF-B856-1890F0B86A69}.Debug|x64.ActiveCfg = Debug|Any CPU
		{C1421D3C-51D1-4FAF-B856-1890F0B86A69}.Debug|x64.Build.0 = Debug|Any CPU
		{C1421D3C-51D1-4FAF-B856-1890F0B86A69}.Debug|x86.ActiveCfg = Debug|Any CPU
		{C1421D3C-51D1-4FAF-B856-1890F0B86A69}.Debug|x86.Build.0 = Debug|Any CPU
		{C1421D3C-51D1-4FAF-B856-1890F0B86A69}.Release|Any CPU.ActiveCfg = Release|Any CPU
		{C1421D3C-51D1-4FAF-B856-1890F0B86A69}.Release|Any CPU.Build.0 = Release|Any CPU
		{C1421D3C-51D1-4FAF-B856-1890F0B86A69}.Release|x64.ActiveCfg = Release|Any CPU
		{C1421D3C-51D1-4FAF-B856-1890F0B86A69}.Release|x64.Build.0 = Release|Any CPU
		{C1421D3C-51D1-4FAF-B856-1890F0B86A69}.Release|x86.ActiveCfg = Release|Any CPU
		{C1421D3C-51D1-4FAF-B856-1890F0B86A69}.Release|x86.Build.0 = Release|Any CPU
	EndGlobalSection
	GlobalSection(NestedProjects) = preSolution
		{34ED2EFC-C8F1-42C7-BA5B-B7F3D3263D71} = {5EBF41DA-9F09-4BA8-917F-1D5E14CF0763}
		{DCABD431-7FE4-459E-A530-6E98D66401B0} = {0CAE4661-AC25-46D3-8F42-7EDCAA6194A0}
		{1A94B577-AA7E-4582-83DA-5E59661A5D03} = {5EBF41DA-9F09-4BA8-917F-1D5E14CF0763}
		{70CC0410-08F8-4B5F-80F7-F87E43304500} = {5EBF41DA-9F09-4BA8-917F-1D5E14CF0763}
		{E9653669-C93F-4163-963F-F44C4ACAC8FC} = {5EBF41DA-9F09-4BA8-917F-1D5E14CF0763}
		{50C9E42C-D9B2-4690-8A2D-2AA54002125B} = {0CAE4661-AC25-46D3-8F42-7EDCAA6194A0}
		{7C9AE69C-9EE5-4083-AB3E-51881BD422F5} = {0CAE4661-AC25-46D3-8F42-7EDCAA6194A0}
		{7F03F30E-926E-423F-A798-F1D60AD5BCEC} = {0CAE4661-AC25-46D3-8F42-7EDCAA6194A0}
		{26EE5DCD-BD05-406C-A44E-77EF2110661A} = {A681284E-F437-4452-8C27-3425FD136FAE}
		{58374DB2-E995-4D7B-A143-EF674C23BD5F} = {A681284E-F437-4452-8C27-3425FD136FAE}
		{CC0C87C6-1BC9-41B7-83F4-E87BF1E67867} = {A681284E-F437-4452-8C27-3425FD136FAE}
		{0663AFD0-2293-4CF7-9E4A-F40D4FF08309} = {A681284E-F437-4452-8C27-3425FD136FAE}
		{EBED1EDF-A4A3-4C3D-A69C-3847A3842FA9} = {A681284E-F437-4452-8C27-3425FD136FAE}
		{970F42EB-CAE7-4A3A-B6A5-5B13135E49BA} = {EBED1EDF-A4A3-4C3D-A69C-3847A3842FA9}
		{2D6E37BF-022C-4E05-AA63-0CB9195BE8B4} = {EBED1EDF-A4A3-4C3D-A69C-3847A3842FA9}
		{DDC89B7E-6FF4-4CAD-9131-B8183867945E} = {E87927F5-5080-4D54-B5A5-1B5EDEC569C3}
		{BE5B6627-4007-498D-9878-6D82D13B3194} = {E87927F5-5080-4D54-B5A5-1B5EDEC569C3}
		{93CBDC55-E9FB-469D-84D0-499D27E1A8C0} = {BE5B6627-4007-498D-9878-6D82D13B3194}
		{7E6FF335-89E5-481D-9986-E7010C917082} = {5EBF41DA-9F09-4BA8-917F-1D5E14CF0763}
		{2103DF51-043C-4041-A116-567EC1E3232C} = {7E6FF335-89E5-481D-9986-E7010C917082}
		{F0A4613D-CFB5-4BE2-AE38-C287FBC36B1D} = {7E6FF335-89E5-481D-9986-E7010C917082}
		{E0EFF62F-F6CF-4B2F-B3B8-B92A3910032E} = {0CAE4661-AC25-46D3-8F42-7EDCAA6194A0}
		{B170D666-0652-49B1-855B-8D587989A4D2} = {E0EFF62F-F6CF-4B2F-B3B8-B92A3910032E}
		{C1421D3C-51D1-4FAF-B856-1890F0B86A69} = {E0EFF62F-F6CF-4B2F-B3B8-B92A3910032E}
	EndGlobalSection
EndGlobal
